
Microsoft Visual Studio Solution File, Format Version 12.00
# Visual Studio Version 16
VisualStudioVersion = 16.0.32802.440
MinimumVisualStudioVersion = 10.0.40219.1
Project("{FAE04EC0-301F-11D3-BF4B-00C04F79EFBC}") = "ListasEnlazadas", "ListasEnlazadas\ListasEnlazadas.csproj", "{9F54C492-0ABD-4919-8AA8-D6119301713B}"
EndProject
Global
	GlobalSection(SolutionConfigurationPlatforms) = preSolution
		Debug|Any CPU = Debug|Any CPU
		Release|Any CPU = Release|Any CPU
	EndGlobalSection
	GlobalSection(ProjectConfigurationPlatforms) = postSolution
		{9F54C492-0ABD-4919-8AA8-D6119301713B}.Debug|Any CPU.ActiveCfg = Debug|Any CPU
		{9F54C492-0ABD-4919-8AA8-D6119301713B}.Debug|Any CPU.Build.0 = Debug|Any CPU
		{9F54C492-0ABD-4919-8AA8-D6119301713B}.Release|Any CPU.ActiveCfg = Release|Any CPU
		{9F54C492-0ABD-4919-8AA8-D6119301713B}.Release|Any CPU.Build.0 = Release|Any CPU
	EndGlobalSection
	GlobalSection(SolutionProperties) = preSolution
		HideSolutionNode = FALSE
	EndGlobalSection
	GlobalSection(ExtensibilityGlobals) = postSolution
		SolutionGuid = {4FAF02F8-C4DF-4942-9277-A24358F10E73}
	EndGlobalSection
EndGlobal
